
Microsoft Visual Studio Solution File, Format Version 12.00
# Visual Studio 15
VisualStudioVersion = 15.0.27004.2008
MinimumVisualStudioVersion = 10.0.40219.1
Project("{FAE04EC0-301F-11D3-BF4B-00C04F79EFBC}") = "hw10project1", "hw10project1\hw10project1.csproj", "{193C877B-7029-4C6C-8771-22A17EF04EAA}"
EndProject
Global
	GlobalSection(SolutionConfigurationPlatforms) = preSolution
		Debug|Any CPU = Debug|Any CPU
		Release|Any CPU = Release|Any CPU
	EndGlobalSection
	GlobalSection(ProjectConfigurationPlatforms) = postSolution
		{193C877B-7029-4C6C-8771-22A17EF04EAA}.Debug|Any CPU.ActiveCfg = Debug|Any CPU
		{193C877B-7029-4C6C-8771-22A17EF04EAA}.Debug|Any CPU.Build.0 = Debug|Any CPU
		{193C877B-7029-4C6C-8771-22A17EF04EAA}.Release|Any CPU.ActiveCfg = Release|Any CPU
		{193C877B-7029-4C6C-8771-22A17EF04EAA}.Release|Any CPU.Build.0 = Release|Any CPU
	EndGlobalSection
	GlobalSection(SolutionProperties) = preSolution
		HideSolutionNode = FALSE
	EndGlobalSection
	GlobalSection(ExtensibilityGlobals) = postSolution
		SolutionGuid = {13758EDF-7B3F-48A9-A4CA-DB299F3D9DC3}
	EndGlobalSection
EndGlobal
