
Microsoft Visual Studio Solution File, Format Version 12.00
# Visual Studio 15
VisualStudioVersion = 15.0.26730.16
MinimumVisualStudioVersion = 10.0.40219.1
Project("{FAE04EC0-301F-11D3-BF4B-00C04F79EFBC}") = "hw4project1", "hw4project1\hw4project1.csproj", "{60DF90BF-727B-4B26-82BA-9B3E4E0C80FB}"
EndProject
Global
	GlobalSection(SolutionConfigurationPlatforms) = preSolution
		Debug|Any CPU = Debug|Any CPU
		Release|Any CPU = Release|Any CPU
	EndGlobalSection
	GlobalSection(ProjectConfigurationPlatforms) = postSolution
		{60DF90BF-727B-4B26-82BA-9B3E4E0C80FB}.Debug|Any CPU.ActiveCfg = Debug|Any CPU
		{60DF90BF-727B-4B26-82BA-9B3E4E0C80FB}.Debug|Any CPU.Build.0 = Debug|Any CPU
		{60DF90BF-727B-4B26-82BA-9B3E4E0C80FB}.Release|Any CPU.ActiveCfg = Release|Any CPU
		{60DF90BF-727B-4B26-82BA-9B3E4E0C80FB}.Release|Any CPU.Build.0 = Release|Any CPU
	EndGlobalSection
	GlobalSection(SolutionProperties) = preSolution
		HideSolutionNode = FALSE
	EndGlobalSection
	GlobalSection(ExtensibilityGlobals) = postSolution
		SolutionGuid = {F4B28F4A-DBE5-4153-BDBD-A82931DD35F9}
	EndGlobalSection
EndGlobal
