
Microsoft Visual Studio Solution File, Format Version 12.00
# Visual Studio 15
VisualStudioVersion = 15.0.26730.12
MinimumVisualStudioVersion = 10.0.40219.1
Project("{FAE04EC0-301F-11D3-BF4B-00C04F79EFBC}") = "hw2project2", "hw2project2\hw2project2.csproj", "{D0059E74-47E1-471C-9355-CE5EEFAD6979}"
EndProject
Global
	GlobalSection(SolutionConfigurationPlatforms) = preSolution
		Debug|Any CPU = Debug|Any CPU
		Release|Any CPU = Release|Any CPU
	EndGlobalSection
	GlobalSection(ProjectConfigurationPlatforms) = postSolution
		{D0059E74-47E1-471C-9355-CE5EEFAD6979}.Debug|Any CPU.ActiveCfg = Debug|Any CPU
		{D0059E74-47E1-471C-9355-CE5EEFAD6979}.Debug|Any CPU.Build.0 = Debug|Any CPU
		{D0059E74-47E1-471C-9355-CE5EEFAD6979}.Release|Any CPU.ActiveCfg = Release|Any CPU
		{D0059E74-47E1-471C-9355-CE5EEFAD6979}.Release|Any CPU.Build.0 = Release|Any CPU
	EndGlobalSection
	GlobalSection(SolutionProperties) = preSolution
		HideSolutionNode = FALSE
	EndGlobalSection
	GlobalSection(ExtensibilityGlobals) = postSolution
		SolutionGuid = {7542F9C3-4CED-44D5-853E-E347B5183249}
	EndGlobalSection
EndGlobal
