
Microsoft Visual Studio Solution File, Format Version 12.00
# Visual Studio 15
VisualStudioVersion = 15.0.26730.16
MinimumVisualStudioVersion = 10.0.40219.1
Project("{FAE04EC0-301F-11D3-BF4B-00C04F79EFBC}") = "hw6project1", "hw6project1\hw6project1.csproj", "{92DBD007-606B-4F99-99E9-68431957B8D5}"
EndProject
Global
	GlobalSection(SolutionConfigurationPlatforms) = preSolution
		Debug|Any CPU = Debug|Any CPU
		Release|Any CPU = Release|Any CPU
	EndGlobalSection
	GlobalSection(ProjectConfigurationPlatforms) = postSolution
		{92DBD007-606B-4F99-99E9-68431957B8D5}.Debug|Any CPU.ActiveCfg = Debug|Any CPU
		{92DBD007-606B-4F99-99E9-68431957B8D5}.Debug|Any CPU.Build.0 = Debug|Any CPU
		{92DBD007-606B-4F99-99E9-68431957B8D5}.Release|Any CPU.ActiveCfg = Release|Any CPU
		{92DBD007-606B-4F99-99E9-68431957B8D5}.Release|Any CPU.Build.0 = Release|Any CPU
	EndGlobalSection
	GlobalSection(SolutionProperties) = preSolution
		HideSolutionNode = FALSE
	EndGlobalSection
	GlobalSection(ExtensibilityGlobals) = postSolution
		SolutionGuid = {49016241-5289-4BF7-8480-13FFBD6F34D9}
	EndGlobalSection
EndGlobal
