
Microsoft Visual Studio Solution File, Format Version 12.00
# Visual Studio 15
VisualStudioVersion = 15.0.26730.16
MinimumVisualStudioVersion = 10.0.40219.1
Project("{FAE04EC0-301F-11D3-BF4B-00C04F79EFBC}") = "hw5project1", "hw5project1\hw5project1.csproj", "{79D3CDB0-21C3-428C-B01E-9824A3342583}"
EndProject
Global
	GlobalSection(SolutionConfigurationPlatforms) = preSolution
		Debug|Any CPU = Debug|Any CPU
		Release|Any CPU = Release|Any CPU
	EndGlobalSection
	GlobalSection(ProjectConfigurationPlatforms) = postSolution
		{79D3CDB0-21C3-428C-B01E-9824A3342583}.Debug|Any CPU.ActiveCfg = Debug|Any CPU
		{79D3CDB0-21C3-428C-B01E-9824A3342583}.Debug|Any CPU.Build.0 = Debug|Any CPU
		{79D3CDB0-21C3-428C-B01E-9824A3342583}.Release|Any CPU.ActiveCfg = Release|Any CPU
		{79D3CDB0-21C3-428C-B01E-9824A3342583}.Release|Any CPU.Build.0 = Release|Any CPU
	EndGlobalSection
	GlobalSection(SolutionProperties) = preSolution
		HideSolutionNode = FALSE
	EndGlobalSection
	GlobalSection(ExtensibilityGlobals) = postSolution
		SolutionGuid = {94F0C392-5888-464D-83FF-C62EBD4C28BB}
	EndGlobalSection
EndGlobal
