
Microsoft Visual Studio Solution File, Format Version 12.00
# Visual Studio 15
VisualStudioVersion = 15.0.27004.2005
MinimumVisualStudioVersion = 10.0.40219.1
Project("{FAE04EC0-301F-11D3-BF4B-00C04F79EFBC}") = "lecture9lab1", "lecture9lab1\lecture9lab1.csproj", "{F54F4155-AA9C-4BCC-B3B1-B651849C9261}"
EndProject
Global
	GlobalSection(SolutionConfigurationPlatforms) = preSolution
		Debug|Any CPU = Debug|Any CPU
		Release|Any CPU = Release|Any CPU
	EndGlobalSection
	GlobalSection(ProjectConfigurationPlatforms) = postSolution
		{F54F4155-AA9C-4BCC-B3B1-B651849C9261}.Debug|Any CPU.ActiveCfg = Debug|Any CPU
		{F54F4155-AA9C-4BCC-B3B1-B651849C9261}.Debug|Any CPU.Build.0 = Debug|Any CPU
		{F54F4155-AA9C-4BCC-B3B1-B651849C9261}.Release|Any CPU.ActiveCfg = Release|Any CPU
		{F54F4155-AA9C-4BCC-B3B1-B651849C9261}.Release|Any CPU.Build.0 = Release|Any CPU
	EndGlobalSection
	GlobalSection(SolutionProperties) = preSolution
		HideSolutionNode = FALSE
	EndGlobalSection
	GlobalSection(ExtensibilityGlobals) = postSolution
		SolutionGuid = {16951C3F-DD91-47F3-8C63-9F7174EE5DCD}
	EndGlobalSection
EndGlobal
